
Microsoft Visual Studio Solution File, Format Version 12.00
# Visual Studio Version 16
VisualStudioVersion = 16.0.30128.74
MinimumVisualStudioVersion = 10.0.40219.1
Project("{FAE04EC0-301F-11D3-BF4B-00C04F79EFBC}") = "AlphaOneAPITest", "AlphaOneAPITest\AlphaOneAPITest.csproj", "{A678AD92-D39B-4339-A2EE-9826EE2FDFD1}"
EndProject
Global
	GlobalSection(SolutionConfigurationPlatforms) = preSolution
		Debug|Any CPU = Debug|Any CPU
		Release|Any CPU = Release|Any CPU
	EndGlobalSection
	GlobalSection(ProjectConfigurationPlatforms) = postSolution
		{A678AD92-D39B-4339-A2EE-9826EE2FDFD1}.Debug|Any CPU.ActiveCfg = Debug|Any CPU
		{A678AD92-D39B-4339-A2EE-9826EE2FDFD1}.Debug|Any CPU.Build.0 = Debug|Any CPU
		{A678AD92-D39B-4339-A2EE-9826EE2FDFD1}.Release|Any CPU.ActiveCfg = Release|Any CPU
		{A678AD92-D39B-4339-A2EE-9826EE2FDFD1}.Release|Any CPU.Build.0 = Release|Any CPU
	EndGlobalSection
	GlobalSection(SolutionProperties) = preSolution
		HideSolutionNode = FALSE
	EndGlobalSection
	GlobalSection(ExtensibilityGlobals) = postSolution
		SolutionGuid = {BE5FF24E-5CDC-4A26-969C-431D04F7A6E8}
	EndGlobalSection
EndGlobal
